// !$*UTF8*$!
{
	archiveVersion = 1;
	classes = {
	};
	objectVersion = 56;
	objects = {

/* Begin PBXBuildFile section */
		2C5209472B5AC21B004C1A68 /* PerfilEditAppApp.swift in Sources */ = {isa = PBXBuildFile; fileRef = 2C5209462B5AC21B004C1A68 /* PerfilEditAppApp.swift */; };
		2C5209492B5AC21B004C1A68 /* ContentView.swift in Sources */ = {isa = PBXBuildFile; fileRef = 2C5209482B5AC21B004C1A68 /* ContentView.swift */; };
		2C52094B2B5AC21B004C1A68 /* Assets.xcassets in Resources */ = {isa = PBXBuildFile; fileRef = 2C52094A2B5AC21B004C1A68 /* Assets.xcassets */; };
		2C52094E2B5AC21B004C1A68 /* Preview Assets.xcassets in Resources */ = {isa = PBXBuildFile; fileRef = 2C52094D2B5AC21B004C1A68 /* Preview Assets.xcassets */; };
		2C52095A2B5AC38E004C1A68 /* PerfilViewModel.swift in Sources */ = {isa = PBXBuildFile; fileRef = 2C5209592B5AC38E004C1A68 /* PerfilViewModel.swift */; };
		2C52095C2B5AC3B3004C1A68 /* PerfilView.swift in Sources */ = {isa = PBXBuildFile; fileRef = 2C52095B2B5AC3B3004C1A68 /* PerfilView.swift */; };
/* End PBXBuildFile section */

/* Begin PBXFileReference section */
		2C5209432B5AC21B004C1A68 /* PerfilEditApp.app */ = {isa = PBXFileReference; explicitFileType = wrapper.application; includeInIndex = 0; path = PerfilEditApp.app; sourceTree = BUILT_PRODUCTS_DIR; };
		2C5209462B5AC21B004C1A68 /* PerfilEditAppApp.swift */ = {isa = PBXFileReference; lastKnownFileType = sourcecode.swift; path = PerfilEditAppApp.swift; sourceTree = "<group>"; };
		2C5209482B5AC21B004C1A68 /* ContentView.swift */ = {isa = PBXFileReference; lastKnownFileType = sourcecode.swift; path = ContentView.swift; sourceTree = "<group>"; };
		2C52094A2B5AC21B004C1A68 /* Assets.xcassets */ = {isa = PBXFileReference; lastKnownFileType = folder.assetcatalog; path = Assets.xcassets; sourceTree = "<group>"; };
		2C52094D2B5AC21B004C1A68 /* Preview Assets.xcassets */ = {isa = PBXFileReference; lastKnownFileType = folder.assetcatalog; path = "Preview Assets.xcassets"; sourceTree = "<group>"; };
		2C5209592B5AC38E004C1A68 /* PerfilViewModel.swift */ = {isa = PBXFileReference; lastKnownFileType = sourcecode.swift; path = PerfilViewModel.swift; sourceTree = "<group>"; };
		2C52095B2B5AC3B3004C1A68 /* PerfilView.swift */ = {isa = PBXFileReference; lastKnownFileType = sourcecode.swift; path = PerfilView.swift; sourceTree = "<group>"; };
/* End PBXFileReference section */

/* Begin PBXFrameworksBuildPhase section */
		2C5209402B5AC21B004C1A68 /* Frameworks */ = {
			isa = PBXFrameworksBuildPhase;
			buildActionMask = 2147483647;
			files = (
			);
			runOnlyForDeploymentPostprocessing = 0;
		};
/* End PBXFrameworksBuildPhase section */

/* Begin PBXGroup section */
		2C52093A2B5AC21B004C1A68 = {
			isa = PBXGroup;
			children = (
				2C5209452B5AC21B004C1A68 /* PerfilEditApp */,
				2C5209442B5AC21B004C1A68 /* Products */,
			);
			sourceTree = "<group>";
		};
		2C5209442B5AC21B004C1A68 /* Products */ = {
			isa = PBXGroup;
			children = (
				2C5209432B5AC21B004C1A68 /* PerfilEditApp.app */,
			);
			name = Products;
			sourceTree = "<group>";
		};
		2C5209452B5AC21B004C1A68 /* PerfilEditApp */ = {
			isa = PBXGroup;
			children = (
				2C5209542B5AC30B004C1A68 /* UI */,
				2C5209462B5AC21B004C1A68 /* PerfilEditAppApp.swift */,
				2C5209482B5AC21B004C1A68 /* ContentView.swift */,
				2C52094A2B5AC21B004C1A68 /* Assets.xcassets */,
				2C52094C2B5AC21B004C1A68 /* Preview Content */,
			);
			path = PerfilEditApp;
			sourceTree = "<group>";
		};
		2C52094C2B5AC21B004C1A68 /* Preview Content */ = {
			isa = PBXGroup;
			children = (
				2C52094D2B5AC21B004C1A68 /* Preview Assets.xcassets */,
			);
			path = "Preview Content";
			sourceTree = "<group>";
		};
		2C5209542B5AC30B004C1A68 /* UI */ = {
			isa = PBXGroup;
			children = (
				2C5209552B5AC30F004C1A68 /* PerfilView */,
			);
			path = UI;
			sourceTree = "<group>";
		};
		2C5209552B5AC30F004C1A68 /* PerfilView */ = {
			isa = PBXGroup;
			children = (
				2C52095D2B5AC3B7004C1A68 /* View */,
				2C5209562B5AC319004C1A68 /* ViewModel */,
			);
			path = PerfilView;
			sourceTree = "<group>";
		};
		2C5209562B5AC319004C1A68 /* ViewModel */ = {
			isa = PBXGroup;
			children = (
				2C5209592B5AC38E004C1A68 /* PerfilViewModel.swift */,
			);
			path = ViewModel;
			sourceTree = "<group>";
		};
		2C52095D2B5AC3B7004C1A68 /* View */ = {
			isa = PBXGroup;
			children = (
				2C52095B2B5AC3B3004C1A68 /* PerfilView.swift */,
			);
			path = View;
			sourceTree = "<group>";
		};
/* End PBXGroup section */

/* Begin PBXNativeTarget section */
		2C5209422B5AC21B004C1A68 /* PerfilEditApp */ = {
			isa = PBXNativeTarget;
			buildConfigurationList = 2C5209512B5AC21B004C1A68 /* Build configuration list for PBXNativeTarget "PerfilEditApp" */;
			buildPhases = (
				2C52093F2B5AC21B004C1A68 /* Sources */,
				2C5209402B5AC21B004C1A68 /* Frameworks */,
				2C5209412B5AC21B004C1A68 /* Resources */,
			);
			buildRules = (
			);
			dependencies = (
			);
			name = PerfilEditApp;
			productName = PerfilEditApp;
			productReference = 2C5209432B5AC21B004C1A68 /* PerfilEditApp.app */;
			productType = "com.apple.product-type.application";
		};
/* End PBXNativeTarget section */

/* Begin PBXProject section */
		2C52093B2B5AC21B004C1A68 /* Project object */ = {
			isa = PBXProject;
			attributes = {
				BuildIndependentTargetsInParallel = 1;
				LastSwiftUpdateCheck = 1520;
				LastUpgradeCheck = 1520;
				TargetAttributes = {
					2C5209422B5AC21B004C1A68 = {
						CreatedOnToolsVersion = 15.2;
					};
				};
			};
			buildConfigurationList = 2C52093E2B5AC21B004C1A68 /* Build configuration list for PBXProject "PerfilEditApp" */;
			compatibilityVersion = "Xcode 14.0";
			developmentRegion = en;
			hasScannedForEncodings = 0;
			knownRegions = (
				en,
				Base,
			);
			mainGroup = 2C52093A2B5AC21B004C1A68;
			productRefGroup = 2C5209442B5AC21B004C1A68 /* Products */;
			projectDirPath = "";
			projectRoot = "";
			targets = (
				2C5209422B5AC21B004C1A68 /* PerfilEditApp */,
			);
		};
/* End PBXProject section */

/* Begin PBXResourcesBuildPhase section */
		2C5209412B5AC21B004C1A68 /* Resources */ = {
			isa = PBXResourcesBuildPhase;
			buildActionMask = 2147483647;
			files = (
				2C52094E2B5AC21B004C1A68 /* Preview Assets.xcassets in Resources */,
				2C52094B2B5AC21B004C1A68 /* Assets.xcassets in Resources */,
			);
			runOnlyForDeploymentPostprocessing = 0;
		};
/* End PBXResourcesBuildPhase section */

/* Begin PBXSourcesBuildPhase section */
		2C52093F2B5AC21B004C1A68 /* Sources */ = {
			isa = PBXSourcesBuildPhase;
			buildActionMask = 2147483647;
			files = (
				2C52095C2B5AC3B3004C1A68 /* PerfilView.swift in Sources */,
				2C5209492B5AC21B004C1A68 /* ContentView.swift in Sources */,
				2C5209472B5AC21B004C1A68 /* PerfilEditAppApp.swift in Sources */,
				2C52095A2B5AC38E004C1A68 /* PerfilViewModel.swift in Sources */,
			);
			runOnlyForDeploymentPostprocessing = 0;
		};
/* End PBXSourcesBuildPhase section */

/* Begin XCBuildConfiguration section */
		2C52094F2B5AC21B004C1A68 /* Debug */ = {
			isa = XCBuildConfiguration;
			buildSettings = {
				ALWAYS_SEARCH_USER_PATHS = NO;
				ASSETCATALOG_COMPILER_GENERATE_SWIFT_ASSET_SYMBOL_EXTENSIONS = YES;
				CLANG_ANALYZER_NONNULL = YES;
				CLANG_ANALYZER_NUMBER_OBJECT_CONVERSION = YES_AGGRESSIVE;
				CLANG_CXX_LANGUAGE_STANDARD = "gnu++20";
				CLANG_ENABLE_MODULES = YES;
				CLANG_ENABLE_OBJC_ARC = YES;
				CLANG_ENABLE_OBJC_WEAK = YES;
				CLANG_WARN_BLOCK_CAPTURE_AUTORELEASING = YES;
				CLANG_WARN_BOOL_CONVERSION = YES;
				CLANG_WARN_COMMA = YES;
				CLANG_WARN_CONSTANT_CONVERSION = YES;
				CLANG_WARN_DEPRECATED_OBJC_IMPLEMENTATIONS = YES;
				CLANG_WARN_DIRECT_OBJC_ISA_USAGE = YES_ERROR;
				CLANG_WARN_DOCUMENTATION_COMMENTS = YES;
				CLANG_WARN_EMPTY_BODY = YES;
				CLANG_WARN_ENUM_CONVERSION = YES;
				CLANG_WARN_INFINITE_RECURSION = YES;
				CLANG_WARN_INT_CONVERSION = YES;
				CLANG_WARN_NON_LITERAL_NULL_CONVERSION = YES;
				CLANG_WARN_OBJC_IMPLICIT_RETAIN_SELF = YES;
				CLANG_WARN_OBJC_LITERAL_CONVERSION = YES;
				CLANG_WARN_OBJC_ROOT_CLASS = YES_ERROR;
				CLANG_WARN_QUOTED_INCLUDE_IN_FRAMEWORK_HEADER = YES;
				CLANG_WARN_RANGE_LOOP_ANALYSIS = YES;
				CLANG_WARN_STRICT_PROTOTYPES = YES;
				CLANG_WARN_SUSPICIOUS_MOVE = YES;
				CLANG_WARN_UNGUARDED_AVAILABILITY = YES_AGGRESSIVE;
				CLANG_WARN_UNREACHABLE_CODE = YES;
				CLANG_WARN__DUPLICATE_METHOD_MATCH = YES;
				COPY_PHASE_STRIP = NO;
				DEBUG_INFORMATION_FORMAT = dwarf;
				ENABLE_STRICT_OBJC_MSGSEND = YES;
				ENABLE_TESTABILITY = YES;
				ENABLE_USER_SCRIPT_SANDBOXING = YES;
				GCC_C_LANGUAGE_STANDARD = gnu17;
				GCC_DYNAMIC_NO_PIC = NO;
				GCC_NO_COMMON_BLOCKS = YES;
				GCC_OPTIMIZATION_LEVEL = 0;
				GCC_PREPROCESSOR_DEFINITIONS = (
					"DEBUG=1",
					"$(inherited)",
				);
				GCC_WARN_64_TO_32_BIT_CONVERSION = YES;
				GCC_WARN_ABOUT_RETURN_TYPE = YES_ERROR;
				GCC_WARN_UNDECLARED_SELECTOR = YES;
				GCC_WARN_UNINITIALIZED_AUTOS = YES_AGGRESSIVE;
				GCC_WARN_UNUSED_FUNCTION = YES;
				GCC_WARN_UNUSED_VARIABLE = YES;
				IPHONEOS_DEPLOYMENT_TARGET = 17.2;
				LOCALIZATION_PREFERS_STRING_CATALOGS = YES;
				MTL_ENABLE_DEBUG_INFO = INCLUDE_SOURCE;
				MTL_FAST_MATH = YES;
				ONLY_ACTIVE_ARCH = YES;
				SDKROOT = iphoneos;
				SWIFT_ACTIVE_COMPILATION_CONDITIONS = "DEBUG $(inherited)";
				SWIFT_OPTIMIZATION_LEVEL = "-Onone";
			};
			name = Debug;
		};
		2C5209502B5AC21B004C1A68 /* Release */ = {
			isa = XCBuildConfiguration;
			buildSettings = {
				ALWAYS_SEARCH_USER_PATHS = NO;
				ASSETCATALOG_COMPILER_GENERATE_SWIFT_ASSET_SYMBOL_EXTENSIONS = YES;
				CLANG_ANALYZER_NONNULL = YES;
				CLANG_ANALYZER_NUMBER_OBJECT_CONVERSION = YES_AGGRESSIVE;
				CLANG_CXX_LANGUAGE_STANDARD = "gnu++20";
				CLANG_ENABLE_MODULES = YES;
				CLANG_ENABLE_OBJC_ARC = YES;
				CLANG_ENABLE_OBJC_WEAK = YES;
				CLANG_WARN_BLOCK_CAPTURE_AUTORELEASING = YES;
				CLANG_WARN_BOOL_CONVERSION = YES;
				CLANG_WARN_COMMA = YES;
				CLANG_WARN_CONSTANT_CONVERSION = YES;
				CLANG_WARN_DEPRECATED_OBJC_IMPLEMENTATIONS = YES;
				CLANG_WARN_DIRECT_OBJC_ISA_USAGE = YES_ERROR;
				CLANG_WARN_DOCUMENTATION_COMMENTS = YES;
				CLANG_WARN_EMPTY_BODY = YES;
				CLANG_WARN_ENUM_CONVERSION = YES;
				CLANG_WARN_INFINITE_RECURSION = YES;
				CLANG_WARN_INT_CONVERSION = YES;
				CLANG_WARN_NON_LITERAL_NULL_CONVERSION = YES;
				CLANG_WARN_OBJC_IMPLICIT_RETAIN_SELF = YES;
				CLANG_WARN_OBJC_LITERAL_CONVERSION = YES;
				CLANG_WARN_OBJC_ROOT_CLASS = YES_ERROR;
				CLANG_WARN_QUOTED_INCLUDE_IN_FRAMEWORK_HEADER = YES;
				CLANG_WARN_RANGE_LOOP_ANALYSIS = YES;
				CLANG_WARN_STRICT_PROTOTYPES = YES;
				CLANG_WARN_SUSPICIOUS_MOVE = YES;
				CLANG_WARN_UNGUARDED_AVAILABILITY = YES_AGGRESSIVE;
				CLANG_WARN_UNREACHABLE_CODE = YES;
				CLANG_WARN__DUPLICATE_METHOD_MATCH = YES;
				COPY_PHASE_STRIP = NO;
				DEBUG_INFORMATION_FORMAT = "dwarf-with-dsym";
				ENABLE_NS_ASSERTIONS = NO;
				ENABLE_STRICT_OBJC_MSGSEND = YES;
				ENABLE_USER_SCRIPT_SANDBOXING = YES;
				GCC_C_LANGUAGE_STANDARD = gnu17;
				GCC_NO_COMMON_BLOCKS = YES;
				GCC_WARN_64_TO_32_BIT_CONVERSION = YES;
				GCC_WARN_ABOUT_RETURN_TYPE = YES_ERROR;
				GCC_WARN_UNDECLARED_SELECTOR = YES;
				GCC_WARN_UNINITIALIZED_AUTOS = YES_AGGRESSIVE;
				GCC_WARN_UNUSED_FUNCTION = YES;
				GCC_WARN_UNUSED_VARIABLE = YES;
				IPHONEOS_DEPLOYMENT_TARGET = 17.2;
				LOCALIZATION_PREFERS_STRING_CATALOGS = YES;
				MTL_ENABLE_DEBUG_INFO = NO;
				MTL_FAST_MATH = YES;
				SDKROOT = iphoneos;
				SWIFT_COMPILATION_MODE = wholemodule;
				VALIDATE_PRODUCT = YES;
			};
			name = Release;
		};
		2C5209522B5AC21B004C1A68 /* Debug */ = {
			isa = XCBuildConfiguration;
			buildSettings = {
				ASSETCATALOG_COMPILER_APPICON_NAME = AppIcon;
				ASSETCATALOG_COMPILER_GLOBAL_ACCENT_COLOR_NAME = AccentColor;
				CODE_SIGN_STYLE = Automatic;
				CURRENT_PROJECT_VERSION = 1;
				DEVELOPMENT_ASSET_PATHS = "\"PerfilEditApp/Preview Content\"";
				ENABLE_PREVIEWS = YES;
				GENERATE_INFOPLIST_FILE = YES;
				INFOPLIST_KEY_UIApplicationSceneManifest_Generation = YES;
				INFOPLIST_KEY_UIApplicationSupportsIndirectInputEvents = YES;
				INFOPLIST_KEY_UILaunchScreen_Generation = YES;
				INFOPLIST_KEY_UISupportedInterfaceOrientations_iPad = "UIInterfaceOrientationPortrait UIInterfaceOrientationPortraitUpsideDown UIInterfaceOrientationLandscapeLeft UIInterfaceOrientationLandscapeRight";
				INFOPLIST_KEY_UISupportedInterfaceOrientations_iPhone = "UIInterfaceOrientationPortrait UIInterfaceOrientationLandscapeLeft UIInterfaceOrientationLandscapeRight";
				LD_RUNPATH_SEARCH_PATHS = (
					"$(inherited)",
					"@executable_path/Frameworks",
				);
				MARKETING_VERSION = 1.0;
				PRODUCT_BUNDLE_IDENTIFIER = com.DanielCazorro.PerfilEditApp;
				PRODUCT_NAME = "$(TARGET_NAME)";
				SWIFT_EMIT_LOC_STRINGS = YES;
				SWIFT_VERSION = 5.0;
				TARGETED_DEVICE_FAMILY = "1,2";
			};
			name = Debug;
		};
		2C5209532B5AC21B004C1A68 /* Release */ = {
			isa = XCBuildConfiguration;
			buildSettings = {
				ASSETCATALOG_COMPILER_APPICON_NAME = AppIcon;
				ASSETCATALOG_COMPILER_GLOBAL_ACCENT_COLOR_NAME = AccentColor;
				CODE_SIGN_STYLE = Automatic;
				CURRENT_PROJECT_VERSION = 1;
				DEVELOPMENT_ASSET_PATHS = "\"PerfilEditApp/Preview Content\"";
				ENABLE_PREVIEWS = YES;
				GENERATE_INFOPLIST_FILE = YES;
				INFOPLIST_KEY_UIApplicationSceneManifest_Generation = YES;
				INFOPLIST_KEY_UIApplicationSupportsIndirectInputEvents = YES;
				INFOPLIST_KEY_UILaunchScreen_Generation = YES;
				INFOPLIST_KEY_UISupportedInterfaceOrientations_iPad = "UIInterfaceOrientationPortrait UIInterfaceOrientationPortraitUpsideDown UIInterfaceOrientationLandscapeLeft UIInterfaceOrientationLandscapeRight";
				INFOPLIST_KEY_UISupportedInterfaceOrientations_iPhone = "UIInterfaceOrientationPortrait UIInterfaceOrientationLandscapeLeft UIInterfaceOrientationLandscapeRight";
				LD_RUNPATH_SEARCH_PATHS = (
					"$(inherited)",
					"@executable_path/Frameworks",
				);
				MARKETING_VERSION = 1.0;
				PRODUCT_BUNDLE_IDENTIFIER = com.DanielCazorro.PerfilEditApp;
				PRODUCT_NAME = "$(TARGET_NAME)";
				SWIFT_EMIT_LOC_STRINGS = YES;
				SWIFT_VERSION = 5.0;
				TARGETED_DEVICE_FAMILY = "1,2";
			};
			name = Release;
		};
/* End XCBuildConfiguration section */

/* Begin XCConfigurationList section */
		2C52093E2B5AC21B004C1A68 /* Build configuration list for PBXProject "PerfilEditApp" */ = {
			isa = XCConfigurationList;
			buildConfigurations = (
				2C52094F2B5AC21B004C1A68 /* Debug */,
				2C5209502B5AC21B004C1A68 /* Release */,
			);
			defaultConfigurationIsVisible = 0;
			defaultConfigurationName = Release;
		};
		2C5209512B5AC21B004C1A68 /* Build configuration list for PBXNativeTarget "PerfilEditApp" */ = {
			isa = XCConfigurationList;
			buildConfigurations = (
				2C5209522B5AC21B004C1A68 /* Debug */,
				2C5209532B5AC21B004C1A68 /* Release */,
			);
			defaultConfigurationIsVisible = 0;
			defaultConfigurationName = Release;
		};
/* End XCConfigurationList section */
	};
	rootObject = 2C52093B2B5AC21B004C1A68 /* Project object */;
}
